
Microsoft Visual Studio Solution File, Format Version 12.00
# Visual Studio Version 17
VisualStudioVersion = 17.11.35219.272
MinimumVisualStudioVersion = 10.0.40219.1
Project("{9A19103F-16F7-4668-BE54-9A1E7A4F7556}") = "AzureServiceBusLearningProject", "AzureServiceBusLearningProject\AzureServiceBusLearningProject.csproj", "{D356451A-E915-4E5F-91F9-27474A9FFC19}"
EndProject
Project("{9A19103F-16F7-4668-BE54-9A1E7A4F7556}") = "AzureServiceBusProccesor", "AzureServiceBusProccesor\AzureServiceBusProccesor.csproj", "{9C81583C-84F6-46E8-9E8A-AF31CEA9CC5B}"
EndProject
Project("{FAE04EC0-301F-11D3-BF4B-00C04F79EFBC}") = "ServiceBusTopic", "ServiceBusTopic\ServiceBusTopic.csproj", "{FD62AC69-9648-42C1-9B91-B13E3BC798D5}"
EndProject
Global
	GlobalSection(SolutionConfigurationPlatforms) = preSolution
		Debug|Any CPU = Debug|Any CPU
		Release|Any CPU = Release|Any CPU
	EndGlobalSection
	GlobalSection(ProjectConfigurationPlatforms) = postSolution
		{D356451A-E915-4E5F-91F9-27474A9FFC19}.Debug|Any CPU.ActiveCfg = Debug|Any CPU
		{D356451A-E915-4E5F-91F9-27474A9FFC19}.Debug|Any CPU.Build.0 = Debug|Any CPU
		{D356451A-E915-4E5F-91F9-27474A9FFC19}.Release|Any CPU.ActiveCfg = Release|Any CPU
		{D356451A-E915-4E5F-91F9-27474A9FFC19}.Release|Any CPU.Build.0 = Release|Any CPU
		{9C81583C-84F6-46E8-9E8A-AF31CEA9CC5B}.Debug|Any CPU.ActiveCfg = Debug|Any CPU
		{9C81583C-84F6-46E8-9E8A-AF31CEA9CC5B}.Debug|Any CPU.Build.0 = Debug|Any CPU
		{9C81583C-84F6-46E8-9E8A-AF31CEA9CC5B}.Release|Any CPU.ActiveCfg = Release|Any CPU
		{9C81583C-84F6-46E8-9E8A-AF31CEA9CC5B}.Release|Any CPU.Build.0 = Release|Any CPU
		{FD62AC69-9648-42C1-9B91-B13E3BC798D5}.Debug|Any CPU.ActiveCfg = Debug|Any CPU
		{FD62AC69-9648-42C1-9B91-B13E3BC798D5}.Debug|Any CPU.Build.0 = Debug|Any CPU
		{FD62AC69-9648-42C1-9B91-B13E3BC798D5}.Release|Any CPU.ActiveCfg = Release|Any CPU
		{FD62AC69-9648-42C1-9B91-B13E3BC798D5}.Release|Any CPU.Build.0 = Release|Any CPU
	EndGlobalSection
	GlobalSection(SolutionProperties) = preSolution
		HideSolutionNode = FALSE
	EndGlobalSection
	GlobalSection(ExtensibilityGlobals) = postSolution
		SolutionGuid = {6F81900B-9084-497B-9F30-51942B5546A1}
	EndGlobalSection
EndGlobal
